// !$*UTF8*$!
{
	archiveVersion = 1;
	classes = {
	};
	objectVersion = 77;
	objects = {

/* Begin PBXContainerItemProxy section */
		0021C6E22C86CCB90064D9FF /* PBXContainerItemProxy */ = {
			isa = PBXContainerItemProxy;
			containerPortal = 0021C6C62C86CCB80064D9FF /* Project object */;
			proxyType = 1;
			remoteGlobalIDString = 0021C6CD2C86CCB80064D9FF;
			remoteInfo = Things3Utils;
		};
		0021C6EC2C86CCB90064D9FF /* PBXContainerItemProxy */ = {
			isa = PBXContainerItemProxy;
			containerPortal = 0021C6C62C86CCB80064D9FF /* Project object */;
			proxyType = 1;
			remoteGlobalIDString = 0021C6CD2C86CCB80064D9FF;
			remoteInfo = Things3Utils;
		};
/* End PBXContainerItemProxy section */

/* Begin PBXFileReference section */
		0021C6CE2C86CCB80064D9FF /* Things3Utils.app */ = {isa = PBXFileReference; explicitFileType = wrapper.application; includeInIndex = 0; path = Things3Utils.app; sourceTree = BUILT_PRODUCTS_DIR; };
		0021C6E12C86CCB90064D9FF /* Things3UtilsTests.xctest */ = {isa = PBXFileReference; explicitFileType = wrapper.cfbundle; includeInIndex = 0; path = Things3UtilsTests.xctest; sourceTree = BUILT_PRODUCTS_DIR; };
		0021C6EB2C86CCB90064D9FF /* Things3UtilsUITests.xctest */ = {isa = PBXFileReference; explicitFileType = wrapper.cfbundle; includeInIndex = 0; path = Things3UtilsUITests.xctest; sourceTree = BUILT_PRODUCTS_DIR; };
/* End PBXFileReference section */

/* Begin PBXFileSystemSynchronizedBuildFileExceptionSet section */
		0021C7162C86EEC20064D9FF /* Exceptions for "Things3Utils" folder in "Things3Utils" target */ = {
			isa = PBXFileSystemSynchronizedBuildFileExceptionSet;
			membershipExceptions = (
				Info.plist,
			);
			target = 0021C6CD2C86CCB80064D9FF /* Things3Utils */;
		};
/* End PBXFileSystemSynchronizedBuildFileExceptionSet section */

/* Begin PBXFileSystemSynchronizedRootGroup section */
		0021C6D02C86CCB80064D9FF /* Things3Utils */ = {
			isa = PBXFileSystemSynchronizedRootGroup;
			exceptions = (
				0021C7162C86EEC20064D9FF /* Exceptions for "Things3Utils" folder in "Things3Utils" target */,
			);
			path = Things3Utils;
			sourceTree = "<group>";
		};
		0021C6E42C86CCB90064D9FF /* Things3UtilsTests */ = {
			isa = PBXFileSystemSynchronizedRootGroup;
			path = Things3UtilsTests;
			sourceTree = "<group>";
		};
		0021C6EE2C86CCB90064D9FF /* Things3UtilsUITests */ = {
			isa = PBXFileSystemSynchronizedRootGroup;
			path = Things3UtilsUITests;
			sourceTree = "<group>";
		};
/* End PBXFileSystemSynchronizedRootGroup section */

/* Begin PBXFrameworksBuildPhase section */
		0021C6CB2C86CCB80064D9FF /* Frameworks */ = {
			isa = PBXFrameworksBuildPhase;
			buildActionMask = 2147483647;
			files = (
			);
			runOnlyForDeploymentPostprocessing = 0;
		};
		0021C6DE2C86CCB90064D9FF /* Frameworks */ = {
			isa = PBXFrameworksBuildPhase;
			buildActionMask = 2147483647;
			files = (
			);
			runOnlyForDeploymentPostprocessing = 0;
		};
		0021C6E82C86CCB90064D9FF /* Frameworks */ = {
			isa = PBXFrameworksBuildPhase;
			buildActionMask = 2147483647;
			files = (
			);
			runOnlyForDeploymentPostprocessing = 0;
		};
/* End PBXFrameworksBuildPhase section */

/* Begin PBXGroup section */
		0021C6C52C86CCB80064D9FF = {
			isa = PBXGroup;
			children = (
				0021C6D02C86CCB80064D9FF /* Things3Utils */,
				0021C6E42C86CCB90064D9FF /* Things3UtilsTests */,
				0021C6EE2C86CCB90064D9FF /* Things3UtilsUITests */,
				0021C6CF2C86CCB80064D9FF /* Products */,
			);
			sourceTree = "<group>";
		};
		0021C6CF2C86CCB80064D9FF /* Products */ = {
			isa = PBXGroup;
			children = (
				0021C6CE2C86CCB80064D9FF /* Things3Utils.app */,
				0021C6E12C86CCB90064D9FF /* Things3UtilsTests.xctest */,
				0021C6EB2C86CCB90064D9FF /* Things3UtilsUITests.xctest */,
			);
			name = Products;
			sourceTree = "<group>";
		};
/* End PBXGroup section */

/* Begin PBXNativeTarget section */
		0021C6CD2C86CCB80064D9FF /* Things3Utils */ = {
			isa = PBXNativeTarget;
			buildConfigurationList = 0021C6F52C86CCB90064D9FF /* Build configuration list for PBXNativeTarget "Things3Utils" */;
			buildPhases = (
				0021C6CA2C86CCB80064D9FF /* Sources */,
				0021C6CB2C86CCB80064D9FF /* Frameworks */,
				0021C6CC2C86CCB80064D9FF /* Resources */,
			);
			buildRules = (
			);
			dependencies = (
			);
			fileSystemSynchronizedGroups = (
				0021C6D02C86CCB80064D9FF /* Things3Utils */,
			);
			name = Things3Utils;
			packageProductDependencies = (
			);
			productName = Things3Utils;
			productReference = 0021C6CE2C86CCB80064D9FF /* Things3Utils.app */;
			productType = "com.apple.product-type.application";
		};
		0021C6E02C86CCB90064D9FF /* Things3UtilsTests */ = {
			isa = PBXNativeTarget;
			buildConfigurationList = 0021C6F82C86CCB90064D9FF /* Build configuration list for PBXNativeTarget "Things3UtilsTests" */;
			buildPhases = (
				0021C6DD2C86CCB90064D9FF /* Sources */,
				0021C6DE2C86CCB90064D9FF /* Frameworks */,
				0021C6DF2C86CCB90064D9FF /* Resources */,
			);
			buildRules = (
			);
			dependencies = (
				0021C6E32C86CCB90064D9FF /* PBXTargetDependency */,
			);
			fileSystemSynchronizedGroups = (
				0021C6E42C86CCB90064D9FF /* Things3UtilsTests */,
			);
			name = Things3UtilsTests;
			packageProductDependencies = (
			);
			productName = Things3UtilsTests;
			productReference = 0021C6E12C86CCB90064D9FF /* Things3UtilsTests.xctest */;
			productType = "com.apple.product-type.bundle.unit-test";
		};
		0021C6EA2C86CCB90064D9FF /* Things3UtilsUITests */ = {
			isa = PBXNativeTarget;
			buildConfigurationList = 0021C6FB2C86CCB90064D9FF /* Build configuration list for PBXNativeTarget "Things3UtilsUITests" */;
			buildPhases = (
				0021C6E72C86CCB90064D9FF /* Sources */,
				0021C6E82C86CCB90064D9FF /* Frameworks */,
				0021C6E92C86CCB90064D9FF /* Resources */,
			);
			buildRules = (
			);
			dependencies = (
				0021C6ED2C86CCB90064D9FF /* PBXTargetDependency */,
			);
			fileSystemSynchronizedGroups = (
				0021C6EE2C86CCB90064D9FF /* Things3UtilsUITests */,
			);
			name = Things3UtilsUITests;
			packageProductDependencies = (
			);
			productName = Things3UtilsUITests;
			productReference = 0021C6EB2C86CCB90064D9FF /* Things3UtilsUITests.xctest */;
			productType = "com.apple.product-type.bundle.ui-testing";
		};
/* End PBXNativeTarget section */

/* Begin PBXProject section */
		0021C6C62C86CCB80064D9FF /* Project object */ = {
			isa = PBXProject;
			attributes = {
				BuildIndependentTargetsInParallel = 1;
				LastSwiftUpdateCheck = 1600;
				LastUpgradeCheck = 1600;
				TargetAttributes = {
					0021C6CD2C86CCB80064D9FF = {
						CreatedOnToolsVersion = 16.0;
					};
					0021C6E02C86CCB90064D9FF = {
						CreatedOnToolsVersion = 16.0;
						TestTargetID = 0021C6CD2C86CCB80064D9FF;
					};
					0021C6EA2C86CCB90064D9FF = {
						CreatedOnToolsVersion = 16.0;
						TestTargetID = 0021C6CD2C86CCB80064D9FF;
					};
				};
			};
			buildConfigurationList = 0021C6C92C86CCB80064D9FF /* Build configuration list for PBXProject "Things3Utils" */;
			developmentRegion = en;
			hasScannedForEncodings = 0;
			knownRegions = (
				en,
				Base,
			);
			mainGroup = 0021C6C52C86CCB80064D9FF;
			minimizedProjectReferenceProxies = 1;
			preferredProjectObjectVersion = 77;
			productRefGroup = 0021C6CF2C86CCB80064D9FF /* Products */;
			projectDirPath = "";
			projectRoot = "";
			targets = (
				0021C6CD2C86CCB80064D9FF /* Things3Utils */,
				0021C6E02C86CCB90064D9FF /* Things3UtilsTests */,
				0021C6EA2C86CCB90064D9FF /* Things3UtilsUITests */,
			);
		};
/* End PBXProject section */

/* Begin PBXResourcesBuildPhase section */
		0021C6CC2C86CCB80064D9FF /* Resources */ = {
			isa = PBXResourcesBuildPhase;
			buildActionMask = 2147483647;
			files = (
			);
			runOnlyForDeploymentPostprocessing = 0;
		};
		0021C6DF2C86CCB90064D9FF /* Resources */ = {
			isa = PBXResourcesBuildPhase;
			buildActionMask = 2147483647;
			files = (
			);
			runOnlyForDeploymentPostprocessing = 0;
		};
		0021C6E92C86CCB90064D9FF /* Resources */ = {
			isa = PBXResourcesBuildPhase;
			buildActionMask = 2147483647;
			files = (
			);
			runOnlyForDeploymentPostprocessing = 0;
		};
/* End PBXResourcesBuildPhase section */

/* Begin PBXSourcesBuildPhase section */
		0021C6CA2C86CCB80064D9FF /* Sources */ = {
			isa = PBXSourcesBuildPhase;
			buildActionMask = 2147483647;
			files = (
			);
			runOnlyForDeploymentPostprocessing = 0;
		};
		0021C6DD2C86CCB90064D9FF /* Sources */ = {
			isa = PBXSourcesBuildPhase;
			buildActionMask = 2147483647;
			files = (
			);
			runOnlyForDeploymentPostprocessing = 0;
		};
		0021C6E72C86CCB90064D9FF /* Sources */ = {
			isa = PBXSourcesBuildPhase;
			buildActionMask = 2147483647;
			files = (
			);
			runOnlyForDeploymentPostprocessing = 0;
		};
/* End PBXSourcesBuildPhase section */

/* Begin PBXTargetDependency section */
		0021C6E32C86CCB90064D9FF /* PBXTargetDependency */ = {
			isa = PBXTargetDependency;
			target = 0021C6CD2C86CCB80064D9FF /* Things3Utils */;
			targetProxy = 0021C6E22C86CCB90064D9FF /* PBXContainerItemProxy */;
		};
		0021C6ED2C86CCB90064D9FF /* PBXTargetDependency */ = {
			isa = PBXTargetDependency;
			target = 0021C6CD2C86CCB80064D9FF /* Things3Utils */;
			targetProxy = 0021C6EC2C86CCB90064D9FF /* PBXContainerItemProxy */;
		};
/* End PBXTargetDependency section */

/* Begin XCBuildConfiguration section */
		0021C6F32C86CCB90064D9FF /* Debug */ = {
			isa = XCBuildConfiguration;
			buildSettings = {
				ALWAYS_SEARCH_USER_PATHS = NO;
				ASSETCATALOG_COMPILER_GENERATE_SWIFT_ASSET_SYMBOL_EXTENSIONS = YES;
				CLANG_ANALYZER_NONNULL = YES;
				CLANG_ANALYZER_NUMBER_OBJECT_CONVERSION = YES_AGGRESSIVE;
				CLANG_CXX_LANGUAGE_STANDARD = "gnu++20";
				CLANG_ENABLE_MODULES = YES;
				CLANG_ENABLE_OBJC_ARC = YES;
				CLANG_ENABLE_OBJC_WEAK = YES;
				CLANG_WARN_BLOCK_CAPTURE_AUTORELEASING = YES;
				CLANG_WARN_BOOL_CONVERSION = YES;
				CLANG_WARN_COMMA = YES;
				CLANG_WARN_CONSTANT_CONVERSION = YES;
				CLANG_WARN_DEPRECATED_OBJC_IMPLEMENTATIONS = YES;
				CLANG_WARN_DIRECT_OBJC_ISA_USAGE = YES_ERROR;
				CLANG_WARN_DOCUMENTATION_COMMENTS = YES;
				CLANG_WARN_EMPTY_BODY = YES;
				CLANG_WARN_ENUM_CONVERSION = YES;
				CLANG_WARN_INFINITE_RECURSION = YES;
				CLANG_WARN_INT_CONVERSION = YES;
				CLANG_WARN_NON_LITERAL_NULL_CONVERSION = YES;
				CLANG_WARN_OBJC_IMPLICIT_RETAIN_SELF = YES;
				CLANG_WARN_OBJC_LITERAL_CONVERSION = YES;
				CLANG_WARN_OBJC_ROOT_CLASS = YES_ERROR;
				CLANG_WARN_QUOTED_INCLUDE_IN_FRAMEWORK_HEADER = YES;
				CLANG_WARN_RANGE_LOOP_ANALYSIS = YES;
				CLANG_WARN_STRICT_PROTOTYPES = YES;
				CLANG_WARN_SUSPICIOUS_MOVE = YES;
				CLANG_WARN_UNGUARDED_AVAILABILITY = YES_AGGRESSIVE;
				CLANG_WARN_UNREACHABLE_CODE = YES;
				CLANG_WARN__DUPLICATE_METHOD_MATCH = YES;
				COPY_PHASE_STRIP = NO;
				DEBUG_INFORMATION_FORMAT = dwarf;
				ENABLE_STRICT_OBJC_MSGSEND = YES;
				ENABLE_TESTABILITY = YES;
				ENABLE_USER_SCRIPT_SANDBOXING = YES;
				GCC_C_LANGUAGE_STANDARD = gnu17;
				GCC_DYNAMIC_NO_PIC = NO;
				GCC_NO_COMMON_BLOCKS = YES;
				GCC_OPTIMIZATION_LEVEL = 0;
				GCC_PREPROCESSOR_DEFINITIONS = (
					"DEBUG=1",
					"$(inherited)",
				);
				GCC_WARN_64_TO_32_BIT_CONVERSION = YES;
				GCC_WARN_ABOUT_RETURN_TYPE = YES_ERROR;
				GCC_WARN_UNDECLARED_SELECTOR = YES;
				GCC_WARN_UNINITIALIZED_AUTOS = YES_AGGRESSIVE;
				GCC_WARN_UNUSED_FUNCTION = YES;
				GCC_WARN_UNUSED_VARIABLE = YES;
				LOCALIZATION_PREFERS_STRING_CATALOGS = YES;
				MACOSX_DEPLOYMENT_TARGET = 14.6;
				MTL_ENABLE_DEBUG_INFO = INCLUDE_SOURCE;
				MTL_FAST_MATH = YES;
				ONLY_ACTIVE_ARCH = YES;
				SDKROOT = macosx;
				SWIFT_ACTIVE_COMPILATION_CONDITIONS = "DEBUG $(inherited)";
				SWIFT_OPTIMIZATION_LEVEL = "-Onone";
			};
			name = Debug;
		};
		0021C6F42C86CCB90064D9FF /* Release */ = {
			isa = XCBuildConfiguration;
			buildSettings = {
				ALWAYS_SEARCH_USER_PATHS = NO;
				ASSETCATALOG_COMPILER_GENERATE_SWIFT_ASSET_SYMBOL_EXTENSIONS = YES;
				CLANG_ANALYZER_NONNULL = YES;
				CLANG_ANALYZER_NUMBER_OBJECT_CONVERSION = YES_AGGRESSIVE;
				CLANG_CXX_LANGUAGE_STANDARD = "gnu++20";
				CLANG_ENABLE_MODULES = YES;
				CLANG_ENABLE_OBJC_ARC = YES;
				CLANG_ENABLE_OBJC_WEAK = YES;
				CLANG_WARN_BLOCK_CAPTURE_AUTORELEASING = YES;
				CLANG_WARN_BOOL_CONVERSION = YES;
				CLANG_WARN_COMMA = YES;
				CLANG_WARN_CONSTANT_CONVERSION = YES;
				CLANG_WARN_DEPRECATED_OBJC_IMPLEMENTATIONS = YES;
				CLANG_WARN_DIRECT_OBJC_ISA_USAGE = YES_ERROR;
				CLANG_WARN_DOCUMENTATION_COMMENTS = YES;
				CLANG_WARN_EMPTY_BODY = YES;
				CLANG_WARN_ENUM_CONVERSION = YES;
				CLANG_WARN_INFINITE_RECURSION = YES;
				CLANG_WARN_INT_CONVERSION = YES;
				CLANG_WARN_NON_LITERAL_NULL_CONVERSION = YES;
				CLANG_WARN_OBJC_IMPLICIT_RETAIN_SELF = YES;
				CLANG_WARN_OBJC_LITERAL_CONVERSION = YES;
				CLANG_WARN_OBJC_ROOT_CLASS = YES_ERROR;
				CLANG_WARN_QUOTED_INCLUDE_IN_FRAMEWORK_HEADER = YES;
				CLANG_WARN_RANGE_LOOP_ANALYSIS = YES;
				CLANG_WARN_STRICT_PROTOTYPES = YES;
				CLANG_WARN_SUSPICIOUS_MOVE = YES;
				CLANG_WARN_UNGUARDED_AVAILABILITY = YES_AGGRESSIVE;
				CLANG_WARN_UNREACHABLE_CODE = YES;
				CLANG_WARN__DUPLICATE_METHOD_MATCH = YES;
				COPY_PHASE_STRIP = NO;
				DEBUG_INFORMATION_FORMAT = "dwarf-with-dsym";
				ENABLE_NS_ASSERTIONS = NO;
				ENABLE_STRICT_OBJC_MSGSEND = YES;
				ENABLE_USER_SCRIPT_SANDBOXING = YES;
				GCC_C_LANGUAGE_STANDARD = gnu17;
				GCC_NO_COMMON_BLOCKS = YES;
				GCC_WARN_64_TO_32_BIT_CONVERSION = YES;
				GCC_WARN_ABOUT_RETURN_TYPE = YES_ERROR;
				GCC_WARN_UNDECLARED_SELECTOR = YES;
				GCC_WARN_UNINITIALIZED_AUTOS = YES_AGGRESSIVE;
				GCC_WARN_UNUSED_FUNCTION = YES;
				GCC_WARN_UNUSED_VARIABLE = YES;
				LOCALIZATION_PREFERS_STRING_CATALOGS = YES;
				MACOSX_DEPLOYMENT_TARGET = 14.6;
				MTL_ENABLE_DEBUG_INFO = NO;
				MTL_FAST_MATH = YES;
				SDKROOT = macosx;
				SWIFT_COMPILATION_MODE = wholemodule;
			};
			name = Release;
		};
		0021C6F62C86CCB90064D9FF /* Debug */ = {
			isa = XCBuildConfiguration;
			buildSettings = {
				ASSETCATALOG_COMPILER_APPICON_NAME = AppIcon;
				ASSETCATALOG_COMPILER_GLOBAL_ACCENT_COLOR_NAME = AccentColor;
				CODE_SIGN_ENTITLEMENTS = Things3Utils/Things3Utils.entitlements;
				CODE_SIGN_STYLE = Automatic;
				COMBINE_HIDPI_IMAGES = YES;
				CURRENT_PROJECT_VERSION = 1;
				DEVELOPMENT_ASSET_PATHS = "\"Things3Utils/Preview Content\"";
				DEVELOPMENT_TEAM = D7WUY54SX4;
				ENABLE_HARDENED_RUNTIME = YES;
				ENABLE_PREVIEWS = YES;
				GENERATE_INFOPLIST_FILE = YES;
				INFOPLIST_FILE = Things3Utils/Info.plist;
				INFOPLIST_KEY_NSHumanReadableCopyright = "";
				LD_RUNPATH_SEARCH_PATHS = (
					"$(inherited)",
					"@executable_path/../Frameworks",
				);
				MACOSX_DEPLOYMENT_TARGET = 14.0;
				MARKETING_VERSION = 1.0;
				PRODUCT_BUNDLE_IDENTIFIER = cyou.b612.Things3Utils;
				PRODUCT_NAME = "$(TARGET_NAME)";
				SWIFT_EMIT_LOC_STRINGS = YES;
				SWIFT_VERSION = 5.0;
			};
			name = Debug;
		};
		0021C6F72C86CCB90064D9FF /* Release */ = {
			isa = XCBuildConfiguration;
			buildSettings = {
				ASSETCATALOG_COMPILER_APPICON_NAME = AppIcon;
				ASSETCATALOG_COMPILER_GLOBAL_ACCENT_COLOR_NAME = AccentColor;
				CODE_SIGN_ENTITLEMENTS = Things3Utils/Things3Utils.entitlements;
				CODE_SIGN_STYLE = Automatic;
				COMBINE_HIDPI_IMAGES = YES;
				CURRENT_PROJECT_VERSION = 1;
				DEVELOPMENT_ASSET_PATHS = "\"Things3Utils/Preview Content\"";
				DEVELOPMENT_TEAM = D7WUY54SX4;
				ENABLE_HARDENED_RUNTIME = YES;
				ENABLE_PREVIEWS = YES;
				GENERATE_INFOPLIST_FILE = YES;
				INFOPLIST_FILE = Things3Utils/Info.plist;
				INFOPLIST_KEY_NSHumanReadableCopyright = "";
				LD_RUNPATH_SEARCH_PATHS = (
					"$(inherited)",
					"@executable_path/../Frameworks",
				);
				MACOSX_DEPLOYMENT_TARGET = 14.0;
				MARKETING_VERSION = 1.0;
				PRODUCT_BUNDLE_IDENTIFIER = cyou.b612.Things3Utils;
				PRODUCT_NAME = "$(TARGET_NAME)";
				SWIFT_EMIT_LOC_STRINGS = YES;
				SWIFT_VERSION = 5.0;
			};
			name = Release;
		};
		0021C6F92C86CCB90064D9FF /* Debug */ = {
			isa = XCBuildConfiguration;
			buildSettings = {
				BUNDLE_LOADER = "$(TEST_HOST)";
				CODE_SIGN_STYLE = Automatic;
				CURRENT_PROJECT_VERSION = 1;
				DEVELOPMENT_TEAM = D7WUY54SX4;
				GENERATE_INFOPLIST_FILE = YES;
				MACOSX_DEPLOYMENT_TARGET = 14.0;
				MARKETING_VERSION = 1.0;
				PRODUCT_BUNDLE_IDENTIFIER = cyou.b612.Things3UtilsTests;
				PRODUCT_NAME = "$(TARGET_NAME)";
				SWIFT_EMIT_LOC_STRINGS = NO;
				SWIFT_VERSION = 5.0;
				TEST_HOST = "$(BUILT_PRODUCTS_DIR)/Things3Utils.app/$(BUNDLE_EXECUTABLE_FOLDER_PATH)/Things3Utils";
			};
			name = Debug;
		};
		0021C6FA2C86CCB90064D9FF /* Release */ = {
			isa = XCBuildConfiguration;
			buildSettings = {
				BUNDLE_LOADER = "$(TEST_HOST)";
				CODE_SIGN_STYLE = Automatic;
				CURRENT_PROJECT_VERSION = 1;
				DEVELOPMENT_TEAM = D7WUY54SX4;
				GENERATE_INFOPLIST_FILE = YES;
				MACOSX_DEPLOYMENT_TARGET = 14.0;
				MARKETING_VERSION = 1.0;
				PRODUCT_BUNDLE_IDENTIFIER = cyou.b612.Things3UtilsTests;
				PRODUCT_NAME = "$(TARGET_NAME)";
				SWIFT_EMIT_LOC_STRINGS = NO;
				SWIFT_VERSION = 5.0;
				TEST_HOST = "$(BUILT_PRODUCTS_DIR)/Things3Utils.app/$(BUNDLE_EXECUTABLE_FOLDER_PATH)/Things3Utils";
			};
			name = Release;
		};
		0021C6FC2C86CCB90064D9FF /* Debug */ = {
			isa = XCBuildConfiguration;
			buildSettings = {
				CODE_SIGN_STYLE = Automatic;
				CURRENT_PROJECT_VERSION = 1;
				DEVELOPMENT_TEAM = D7WUY54SX4;
				GENERATE_INFOPLIST_FILE = YES;
				MARKETING_VERSION = 1.0;
				PRODUCT_BUNDLE_IDENTIFIER = cyou.b612.Things3UtilsUITests;
				PRODUCT_NAME = "$(TARGET_NAME)";
				SWIFT_EMIT_LOC_STRINGS = NO;
				SWIFT_VERSION = 5.0;
				TEST_TARGET_NAME = Things3Utils;
			};
			name = Debug;
		};
		0021C6FD2C86CCB90064D9FF /* Release */ = {
			isa = XCBuildConfiguration;
			buildSettings = {
				CODE_SIGN_STYLE = Automatic;
				CURRENT_PROJECT_VERSION = 1;
				DEVELOPMENT_TEAM = D7WUY54SX4;
				GENERATE_INFOPLIST_FILE = YES;
				MARKETING_VERSION = 1.0;
				PRODUCT_BUNDLE_IDENTIFIER = cyou.b612.Things3UtilsUITests;
				PRODUCT_NAME = "$(TARGET_NAME)";
				SWIFT_EMIT_LOC_STRINGS = NO;
				SWIFT_VERSION = 5.0;
				TEST_TARGET_NAME = Things3Utils;
			};
			name = Release;
		};
/* End XCBuildConfiguration section */

/* Begin XCConfigurationList section */
		0021C6C92C86CCB80064D9FF /* Build configuration list for PBXProject "Things3Utils" */ = {
			isa = XCConfigurationList;
			buildConfigurations = (
				0021C6F32C86CCB90064D9FF /* Debug */,
				0021C6F42C86CCB90064D9FF /* Release */,
			);
			defaultConfigurationIsVisible = 0;
			defaultConfigurationName = Release;
		};
		0021C6F52C86CCB90064D9FF /* Build configuration list for PBXNativeTarget "Things3Utils" */ = {
			isa = XCConfigurationList;
			buildConfigurations = (
				0021C6F62C86CCB90064D9FF /* Debug */,
				0021C6F72C86CCB90064D9FF /* Release */,
			);
			defaultConfigurationIsVisible = 0;
			defaultConfigurationName = Release;
		};
		0021C6F82C86CCB90064D9FF /* Build configuration list for PBXNativeTarget "Things3UtilsTests" */ = {
			isa = XCConfigurationList;
			buildConfigurations = (
				0021C6F92C86CCB90064D9FF /* Debug */,
				0021C6FA2C86CCB90064D9FF /* Release */,
			);
			defaultConfigurationIsVisible = 0;
			defaultConfigurationName = Release;
		};
		0021C6FB2C86CCB90064D9FF /* Build configuration list for PBXNativeTarget "Things3UtilsUITests" */ = {
			isa = XCConfigurationList;
			buildConfigurations = (
				0021C6FC2C86CCB90064D9FF /* Debug */,
				0021C6FD2C86CCB90064D9FF /* Release */,
			);
			defaultConfigurationIsVisible = 0;
			defaultConfigurationName = Release;
		};
/* End XCConfigurationList section */
	};
	rootObject = 0021C6C62C86CCB80064D9FF /* Project object */;
}
